
Microsoft Visual Studio Solution File, Format Version 12.00
# Visual Studio Version 16
VisualStudioVersion = 16.0.30104.148
MinimumVisualStudioVersion = 10.0.40219.1
Project("{8BC9CEB8-8B4A-11D0-8D11-00A0C91BC942}") = "Tutorial 01", "Tutorial 01\Tutorial 01.vcxproj", "{6E160AE8-18FC-4808-A0D7-750F5BEA2A5B}"
EndProject
Project("{8BC9CEB8-8B4A-11D0-8D11-00A0C91BC942}") = "Tutorial 02", "Tutorial 02\Tutorial 02.vcxproj", "{7066E9B3-7A9B-450D-AE10-3B056BADCE6C}"
EndProject
Project("{8BC9CEB8-8B4A-11D0-8D11-00A0C91BC942}") = "Tutorial 03", "Tutorial 03\Tutorial 03.vcxproj", "{B367B555-10F7-4F70-A3F4-A82DAB34DD84}"
EndProject
Project("{8BC9CEB8-8B4A-11D0-8D11-00A0C91BC942}") = "Tutorial 04", "Tutorial 04\Tutorial 04.vcxproj", "{52D2A218-7F6E-4E70-A213-318EC551B575}"
EndProject
Project("{8BC9CEB8-8B4A-11D0-8D11-00A0C91BC942}") = "Tutorial 05", "Tutorial 05\Tutorial 05.vcxproj", "{A3EB0164-838D-476E-9411-D09F2A035763}"
EndProject
Project("{8BC9CEB8-8B4A-11D0-8D11-00A0C91BC942}") = "Tutorial 07", "Tutorial 07\Tutorial 07.vcxproj", "{BEE40960-B4BC-4EDA-9102-A767722A6977}"
EndProject
Project("{8BC9CEB8-8B4A-11D0-8D11-00A0C91BC942}") = "Tutorial 08", "Tutorial 08\Tutorial 08.vcxproj", "{73A78BEE-3314-4BDA-96B2-24AD405D3F30}"
EndProject
Project("{8BC9CEB8-8B4A-11D0-8D11-00A0C91BC942}") = "Tutorial 09", "Tutorial 09\Tutorial 09.vcxproj", "{6FB046BF-2B26-4500-B822-D614D1ADD2F5}"
EndProject
Project("{8BC9CEB8-8B4A-11D0-8D11-00A0C91BC942}") = "Tutorial 10", "Tutorial 10\Tutorial 10.vcxproj", "{6EFC92AF-9D8B-4DE4-B17B-09AEEDC781A2}"
EndProject
Project("{8BC9CEB8-8B4A-11D0-8D11-00A0C91BC942}") = "Tutorial 11", "Tutorial 11\Tutorial 11.vcxproj", "{06706426-8257-4C8E-B8C6-84DD0AA9C175}"
EndProject
Project("{8BC9CEB8-8B4A-11D0-8D11-00A0C91BC942}") = "Tutorial 12", "Tutorial 12\Tutorial 12.vcxproj", "{82F97BE7-4AC2-44FC-A3A6-6749A423697A}"
EndProject
Project("{8BC9CEB8-8B4A-11D0-8D11-00A0C91BC942}") = "Tutorial 13", "Tutorial 13\Tutorial 13.vcxproj", "{71FB5A3F-95F4-4813-92BC-6446CF1F510F}"
EndProject
Project("{8BC9CEB8-8B4A-11D0-8D11-00A0C91BC942}") = "Tutorial 14", "Tutorial 14\Tutorial 14.vcxproj", "{17093D8F-D93D-47B0-BB8B-1E259605264B}"
EndProject
Project("{8BC9CEB8-8B4A-11D0-8D11-00A0C91BC942}") = "Tutorial 15", "Tutorial 15\Tutorial 15.vcxproj", "{FDF382CD-7B59-455E-B69A-26B4EA89F7D8}"
EndProject
Project("{8BC9CEB8-8B4A-11D0-8D11-00A0C91BC942}") = "Tutorial 16", "Tutorial 16\Tutorial 16.vcxproj", "{DB93096B-4A87-40A1-A857-3973B6FF9677}"
EndProject
Global
	GlobalSection(SolutionConfigurationPlatforms) = preSolution
		Debug|x64 = Debug|x64
		Debug|x86 = Debug|x86
		Release|x64 = Release|x64
		Release|x86 = Release|x86
	EndGlobalSection
	GlobalSection(ProjectConfigurationPlatforms) = postSolution
		{6E160AE8-18FC-4808-A0D7-750F5BEA2A5B}.Debug|x64.ActiveCfg = Debug|x64
		{6E160AE8-18FC-4808-A0D7-750F5BEA2A5B}.Debug|x64.Build.0 = Debug|x64
		{6E160AE8-18FC-4808-A0D7-750F5BEA2A5B}.Debug|x86.ActiveCfg = Debug|Win32
		{6E160AE8-18FC-4808-A0D7-750F5BEA2A5B}.Debug|x86.Build.0 = Debug|Win32
		{6E160AE8-18FC-4808-A0D7-750F5BEA2A5B}.Release|x64.ActiveCfg = Release|x64
		{6E160AE8-18FC-4808-A0D7-750F5BEA2A5B}.Release|x64.Build.0 = Release|x64
		{6E160AE8-18FC-4808-A0D7-750F5BEA2A5B}.Release|x86.ActiveCfg = Release|Win32
		{6E160AE8-18FC-4808-A0D7-750F5BEA2A5B}.Release|x86.Build.0 = Release|Win32
		{7066E9B3-7A9B-450D-AE10-3B056BADCE6C}.Debug|x64.ActiveCfg = Debug|x64
		{7066E9B3-7A9B-450D-AE10-3B056BADCE6C}.Debug|x64.Build.0 = Debug|x64
		{7066E9B3-7A9B-450D-AE10-3B056BADCE6C}.Debug|x86.ActiveCfg = Debug|Win32
		{7066E9B3-7A9B-450D-AE10-3B056BADCE6C}.Debug|x86.Build.0 = Debug|Win32
		{7066E9B3-7A9B-450D-AE10-3B056BADCE6C}.Release|x64.ActiveCfg = Release|x64
		{7066E9B3-7A9B-450D-AE10-3B056BADCE6C}.Release|x64.Build.0 = Release|x64
		{7066E9B3-7A9B-450D-AE10-3B056BADCE6C}.Release|x86.ActiveCfg = Release|Win32
		{7066E9B3-7A9B-450D-AE10-3B056BADCE6C}.Release|x86.Build.0 = Release|Win32
		{B367B555-10F7-4F70-A3F4-A82DAB34DD84}.Debug|x64.ActiveCfg = Debug|x64
		{B367B555-10F7-4F70-A3F4-A82DAB34DD84}.Debug|x64.Build.0 = Debug|x64
		{B367B555-10F7-4F70-A3F4-A82DAB34DD84}.Debug|x86.ActiveCfg = Debug|Win32
		{B367B555-10F7-4F70-A3F4-A82DAB34DD84}.Debug|x86.Build.0 = Debug|Win32
		{B367B555-10F7-4F70-A3F4-A82DAB34DD84}.Release|x64.ActiveCfg = Release|x64
		{B367B555-10F7-4F70-A3F4-A82DAB34DD84}.Release|x64.Build.0 = Release|x64
		{B367B555-10F7-4F70-A3F4-A82DAB34DD84}.Release|x86.ActiveCfg = Release|Win32
		{B367B555-10F7-4F70-A3F4-A82DAB34DD84}.Release|x86.Build.0 = Release|Win32
		{52D2A218-7F6E-4E70-A213-318EC551B575}.Debug|x64.ActiveCfg = Debug|x64
		{52D2A218-7F6E-4E70-A213-318EC551B575}.Debug|x64.Build.0 = Debug|x64
		{52D2A218-7F6E-4E70-A213-318EC551B575}.Debug|x86.ActiveCfg = Debug|Win32
		{52D2A218-7F6E-4E70-A213-318EC551B575}.Debug|x86.Build.0 = Debug|Win32
		{52D2A218-7F6E-4E70-A213-318EC551B575}.Release|x64.ActiveCfg = Release|x64
		{52D2A218-7F6E-4E70-A213-318EC551B575}.Release|x64.Build.0 = Release|x64
		{52D2A218-7F6E-4E70-A213-318EC551B575}.Release|x86.ActiveCfg = Release|Win32
		{52D2A218-7F6E-4E70-A213-318EC551B575}.Release|x86.Build.0 = Release|Win32
		{A3EB0164-838D-476E-9411-D09F2A035763}.Debug|x64.ActiveCfg = Debug|x64
		{A3EB0164-838D-476E-9411-D09F2A035763}.Debug|x64.Build.0 = Debug|x64
		{A3EB0164-838D-476E-9411-D09F2A035763}.Debug|x86.ActiveCfg = Debug|Win32
		{A3EB0164-838D-476E-9411-D09F2A035763}.Debug|x86.Build.0 = Debug|Win32
		{A3EB0164-838D-476E-9411-D09F2A035763}.Release|x64.ActiveCfg = Release|x64
		{A3EB0164-838D-476E-9411-D09F2A035763}.Release|x64.Build.0 = Release|x64
		{A3EB0164-838D-476E-9411-D09F2A035763}.Release|x86.ActiveCfg = Release|Win32
		{A3EB0164-838D-476E-9411-D09F2A035763}.Release|x86.Build.0 = Release|Win32
		{BEE40960-B4BC-4EDA-9102-A767722A6977}.Debug|x64.ActiveCfg = Debug|x64
		{BEE40960-B4BC-4EDA-9102-A767722A6977}.Debug|x64.Build.0 = Debug|x64
		{BEE40960-B4BC-4EDA-9102-A767722A6977}.Debug|x86.ActiveCfg = Debug|Win32
		{BEE40960-B4BC-4EDA-9102-A767722A6977}.Debug|x86.Build.0 = Debug|Win32
		{BEE40960-B4BC-4EDA-9102-A767722A6977}.Release|x64.ActiveCfg = Release|x64
		{BEE40960-B4BC-4EDA-9102-A767722A6977}.Release|x64.Build.0 = Release|x64
		{BEE40960-B4BC-4EDA-9102-A767722A6977}.Release|x86.ActiveCfg = Release|Win32
		{BEE40960-B4BC-4EDA-9102-A767722A6977}.Release|x86.Build.0 = Release|Win32
		{73A78BEE-3314-4BDA-96B2-24AD405D3F30}.Debug|x64.ActiveCfg = Debug|x64
		{73A78BEE-3314-4BDA-96B2-24AD405D3F30}.Debug|x64.Build.0 = Debug|x64
		{73A78BEE-3314-4BDA-96B2-24AD405D3F30}.Debug|x86.ActiveCfg = Debug|Win32
		{73A78BEE-3314-4BDA-96B2-24AD405D3F30}.Debug|x86.Build.0 = Debug|Win32
		{73A78BEE-3314-4BDA-96B2-24AD405D3F30}.Release|x64.ActiveCfg = Release|x64
		{73A78BEE-3314-4BDA-96B2-24AD405D3F30}.Release|x64.Build.0 = Release|x64
		{73A78BEE-3314-4BDA-96B2-24AD405D3F30}.Release|x86.ActiveCfg = Release|Win32
		{73A78BEE-3314-4BDA-96B2-24AD405D3F30}.Release|x86.Build.0 = Release|Win32
		{6FB046BF-2B26-4500-B822-D614D1ADD2F5}.Debug|x64.ActiveCfg = Debug|x64
		{6FB046BF-2B26-4500-B822-D614D1ADD2F5}.Debug|x64.Build.0 = Debug|x64
		{6FB046BF-2B26-4500-B822-D614D1ADD2F5}.Debug|x86.ActiveCfg = Debug|Win32
		{6FB046BF-2B26-4500-B822-D614D1ADD2F5}.Debug|x86.Build.0 = Debug|Win32
		{6FB046BF-2B26-4500-B822-D614D1ADD2F5}.Release|x64.ActiveCfg = Release|x64
		{6FB046BF-2B26-4500-B822-D614D1ADD2F5}.Release|x64.Build.0 = Release|x64
		{6FB046BF-2B26-4500-B822-D614D1ADD2F5}.Release|x86.ActiveCfg = Release|Win32
		{6FB046BF-2B26-4500-B822-D614D1ADD2F5}.Release|x86.Build.0 = Release|Win32
		{6EFC92AF-9D8B-4DE4-B17B-09AEEDC781A2}.Debug|x64.ActiveCfg = Debug|x64
		{6EFC92AF-9D8B-4DE4-B17B-09AEEDC781A2}.Debug|x64.Build.0 = Debug|x64
		{6EFC92AF-9D8B-4DE4-B17B-09AEEDC781A2}.Debug|x86.ActiveCfg = Debug|Win32
		{6EFC92AF-9D8B-4DE4-B17B-09AEEDC781A2}.Debug|x86.Build.0 = Debug|Win32
		{6EFC92AF-9D8B-4DE4-B17B-09AEEDC781A2}.Release|x64.ActiveCfg = Release|x64
		{6EFC92AF-9D8B-4DE4-B17B-09AEEDC781A2}.Release|x64.Build.0 = Release|x64
		{6EFC92AF-9D8B-4DE4-B17B-09AEEDC781A2}.Release|x86.ActiveCfg = Release|Win32
		{6EFC92AF-9D8B-4DE4-B17B-09AEEDC781A2}.Release|x86.Build.0 = Release|Win32
		{06706426-8257-4C8E-B8C6-84DD0AA9C175}.Debug|x64.ActiveCfg = Debug|x64
		{06706426-8257-4C8E-B8C6-84DD0AA9C175}.Debug|x64.Build.0 = Debug|x64
		{06706426-8257-4C8E-B8C6-84DD0AA9C175}.Debug|x86.ActiveCfg = Debug|Win32
		{06706426-8257-4C8E-B8C6-84DD0AA9C175}.Debug|x86.Build.0 = Debug|Win32
		{06706426-8257-4C8E-B8C6-84DD0AA9C175}.Release|x64.ActiveCfg = Release|x64
		{06706426-8257-4C8E-B8C6-84DD0AA9C175}.Release|x64.Build.0 = Release|x64
		{06706426-8257-4C8E-B8C6-84DD0AA9C175}.Release|x86.ActiveCfg = Release|Win32
		{06706426-8257-4C8E-B8C6-84DD0AA9C175}.Release|x86.Build.0 = Release|Win32
		{82F97BE7-4AC2-44FC-A3A6-6749A423697A}.Debug|x64.ActiveCfg = Debug|x64
		{82F97BE7-4AC2-44FC-A3A6-6749A423697A}.Debug|x64.Build.0 = Debug|x64
		{82F97BE7-4AC2-44FC-A3A6-6749A423697A}.Debug|x86.ActiveCfg = Debug|Win32
		{82F97BE7-4AC2-44FC-A3A6-6749A423697A}.Debug|x86.Build.0 = Debug|Win32
		{82F97BE7-4AC2-44FC-A3A6-6749A423697A}.Release|x64.ActiveCfg = Release|x64
		{82F97BE7-4AC2-44FC-A3A6-6749A423697A}.Release|x64.Build.0 = Release|x64
		{82F97BE7-4AC2-44FC-A3A6-6749A423697A}.Release|x86.ActiveCfg = Release|Win32
		{82F97BE7-4AC2-44FC-A3A6-6749A423697A}.Release|x86.Build.0 = Release|Win32
		{71FB5A3F-95F4-4813-92BC-6446CF1F510F}.Debug|x64.ActiveCfg = Debug|x64
		{71FB5A3F-95F4-4813-92BC-6446CF1F510F}.Debug|x64.Build.0 = Debug|x64
		{71FB5A3F-95F4-4813-92BC-6446CF1F510F}.Debug|x86.ActiveCfg = Debug|Win32
		{71FB5A3F-95F4-4813-92BC-6446CF1F510F}.Debug|x86.Build.0 = Debug|Win32
		{71FB5A3F-95F4-4813-92BC-6446CF1F510F}.Release|x64.ActiveCfg = Release|x64
		{71FB5A3F-95F4-4813-92BC-6446CF1F510F}.Release|x64.Build.0 = Release|x64
		{71FB5A3F-95F4-4813-92BC-6446CF1F510F}.Release|x86.ActiveCfg = Release|Win32
		{71FB5A3F-95F4-4813-92BC-6446CF1F510F}.Release|x86.Build.0 = Release|Win32
		{17093D8F-D93D-47B0-BB8B-1E259605264B}.Debug|x64.ActiveCfg = Debug|x64
		{17093D8F-D93D-47B0-BB8B-1E259605264B}.Debug|x64.Build.0 = Debug|x64
		{17093D8F-D93D-47B0-BB8B-1E259605264B}.Debug|x86.ActiveCfg = Debug|Win32
		{17093D8F-D93D-47B0-BB8B-1E259605264B}.Debug|x86.Build.0 = Debug|Win32
		{17093D8F-D93D-47B0-BB8B-1E259605264B}.Release|x64.ActiveCfg = Release|x64
		{17093D8F-D93D-47B0-BB8B-1E259605264B}.Release|x64.Build.0 = Release|x64
		{17093D8F-D93D-47B0-BB8B-1E259605264B}.Release|x86.ActiveCfg = Release|Win32
		{17093D8F-D93D-47B0-BB8B-1E259605264B}.Release|x86.Build.0 = Release|Win32
		{FDF382CD-7B59-455E-B69A-26B4EA89F7D8}.Debug|x64.ActiveCfg = Debug|x64
		{FDF382CD-7B59-455E-B69A-26B4EA89F7D8}.Debug|x64.Build.0 = Debug|x64
		{FDF382CD-7B59-455E-B69A-26B4EA89F7D8}.Debug|x86.ActiveCfg = Debug|Win32
		{FDF382CD-7B59-455E-B69A-26B4EA89F7D8}.Debug|x86.Build.0 = Debug|Win32
		{FDF382CD-7B59-455E-B69A-26B4EA89F7D8}.Release|x64.ActiveCfg = Release|x64
		{FDF382CD-7B59-455E-B69A-26B4EA89F7D8}.Release|x64.Build.0 = Release|x64
		{FDF382CD-7B59-455E-B69A-26B4EA89F7D8}.Release|x86.ActiveCfg = Release|Win32
		{FDF382CD-7B59-455E-B69A-26B4EA89F7D8}.Release|x86.Build.0 = Release|Win32
		{DB93096B-4A87-40A1-A857-3973B6FF9677}.Debug|x64.ActiveCfg = Debug|x64
		{DB93096B-4A87-40A1-A857-3973B6FF9677}.Debug|x64.Build.0 = Debug|x64
		{DB93096B-4A87-40A1-A857-3973B6FF9677}.Debug|x86.ActiveCfg = Debug|Win32
		{DB93096B-4A87-40A1-A857-3973B6FF9677}.Debug|x86.Build.0 = Debug|Win32
		{DB93096B-4A87-40A1-A857-3973B6FF9677}.Release|x64.ActiveCfg = Release|x64
		{DB93096B-4A87-40A1-A857-3973B6FF9677}.Release|x64.Build.0 = Release|x64
		{DB93096B-4A87-40A1-A857-3973B6FF9677}.Release|x86.ActiveCfg = Release|Win32
		{DB93096B-4A87-40A1-A857-3973B6FF9677}.Release|x86.Build.0 = Release|Win32
	EndGlobalSection
	GlobalSection(SolutionProperties) = preSolution
		HideSolutionNode = FALSE
	EndGlobalSection
	GlobalSection(ExtensibilityGlobals) = postSolution
		SolutionGuid = {D809D6DE-42C6-425B-91F0-5879252C998E}
	EndGlobalSection
EndGlobal
